
Microsoft Visual Studio Solution File, Format Version 12.00
# Visual Studio 15
VisualStudioVersion = 15.0.35319.79
MinimumVisualStudioVersion = 10.0.40219.1
Project("{FAE04EC0-301F-11D3-BF4B-00C04F79EFBC}") = "WindowsFormsApp4", "WindowsFormsApp4\WindowsFormsApp4.csproj", "{520F9E57-8C91-458E-836F-EA629DCB988D}"
EndProject
Global
	GlobalSection(SolutionConfigurationPlatforms) = preSolution
		Debug|Any CPU = Debug|Any CPU
		Release|Any CPU = Release|Any CPU
	EndGlobalSection
	GlobalSection(ProjectConfigurationPlatforms) = postSolution
		{520F9E57-8C91-458E-836F-EA629DCB988D}.Debug|Any CPU.ActiveCfg = Debug|Any CPU
		{520F9E57-8C91-458E-836F-EA629DCB988D}.Debug|Any CPU.Build.0 = Debug|Any CPU
		{520F9E57-8C91-458E-836F-EA629DCB988D}.Release|Any CPU.ActiveCfg = Release|Any CPU
		{520F9E57-8C91-458E-836F-EA629DCB988D}.Release|Any CPU.Build.0 = Release|Any CPU
	EndGlobalSection
	GlobalSection(SolutionProperties) = preSolution
		HideSolutionNode = FALSE
	EndGlobalSection
	GlobalSection(ExtensibilityGlobals) = postSolution
		SolutionGuid = {DB58249B-C7BC-4726-A5C6-90974673E885}
	EndGlobalSection
EndGlobal
